
Microsoft Visual Studio Solution File, Format Version 12.00
# Visual Studio Version 16
VisualStudioVersion = 16.0.28803.352
MinimumVisualStudioVersion = 10.0.40219.1
Project("{9A19103F-16F7-4668-BE54-9A1E7A4F7556}") = "ItemRestService", "ItemRestService\ItemRestService.csproj", "{6C4E2DA2-CD20-4665-BF95-1F771C2829BD}"
EndProject
Project("{9A19103F-16F7-4668-BE54-9A1E7A4F7556}") = "Unit Testing", "Unit Testing\Unit Testing.csproj", "{F685DDB6-5D04-4E57-98A8-FA63C1B14BAF}"
EndProject
Project("{FAE04EC0-301F-11D3-BF4B-00C04F79EFBC}") = "ModelLib", "ModelLib\ModelLib.csproj", "{85A8CF86-3728-4D02-BC8B-ACBB9E34FB6E}"
EndProject
Global
	GlobalSection(SolutionConfigurationPlatforms) = preSolution
		Debug|Any CPU = Debug|Any CPU
		Release|Any CPU = Release|Any CPU
	EndGlobalSection
	GlobalSection(ProjectConfigurationPlatforms) = postSolution
		{6C4E2DA2-CD20-4665-BF95-1F771C2829BD}.Debug|Any CPU.ActiveCfg = Debug|Any CPU
		{6C4E2DA2-CD20-4665-BF95-1F771C2829BD}.Debug|Any CPU.Build.0 = Debug|Any CPU
		{6C4E2DA2-CD20-4665-BF95-1F771C2829BD}.Release|Any CPU.ActiveCfg = Release|Any CPU
		{6C4E2DA2-CD20-4665-BF95-1F771C2829BD}.Release|Any CPU.Build.0 = Release|Any CPU
		{F685DDB6-5D04-4E57-98A8-FA63C1B14BAF}.Debug|Any CPU.ActiveCfg = Debug|Any CPU
		{F685DDB6-5D04-4E57-98A8-FA63C1B14BAF}.Debug|Any CPU.Build.0 = Debug|Any CPU
		{F685DDB6-5D04-4E57-98A8-FA63C1B14BAF}.Release|Any CPU.ActiveCfg = Release|Any CPU
		{F685DDB6-5D04-4E57-98A8-FA63C1B14BAF}.Release|Any CPU.Build.0 = Release|Any CPU
		{85A8CF86-3728-4D02-BC8B-ACBB9E34FB6E}.Debug|Any CPU.ActiveCfg = Debug|Any CPU
		{85A8CF86-3728-4D02-BC8B-ACBB9E34FB6E}.Debug|Any CPU.Build.0 = Debug|Any CPU
		{85A8CF86-3728-4D02-BC8B-ACBB9E34FB6E}.Release|Any CPU.ActiveCfg = Release|Any CPU
		{85A8CF86-3728-4D02-BC8B-ACBB9E34FB6E}.Release|Any CPU.Build.0 = Release|Any CPU
	EndGlobalSection
	GlobalSection(SolutionProperties) = preSolution
		HideSolutionNode = FALSE
	EndGlobalSection
	GlobalSection(ExtensibilityGlobals) = postSolution
		SolutionGuid = {67C40BF5-AC9C-4F4C-9A7A-838A2E25478E}
	EndGlobalSection
EndGlobal
